
Microsoft Visual Studio Solution File, Format Version 12.00
# Visual Studio Version 16
VisualStudioVersion = 16.0.29613.14
MinimumVisualStudioVersion = 10.0.40219.1
Project("{FAE04EC0-301F-11D3-BF4B-00C04F79EFBC}") = "CodingExercise", "src\CodingExercise\CodingExercise.csproj", "{0B29E662-6DAD-4E97-9550-016EE7C0503B}"
EndProject
Project("{FAE04EC0-301F-11D3-BF4B-00C04F79EFBC}") = "CodingTests", "src\CodingTests\CodingTests.csproj", "{0B89B028-EE3D-4CF6-8089-2BEBC4F530F4}"
EndProject
Global
	GlobalSection(SolutionConfigurationPlatforms) = preSolution
		Debug|Any CPU = Debug|Any CPU
		Release|Any CPU = Release|Any CPU
	EndGlobalSection
	GlobalSection(ProjectConfigurationPlatforms) = postSolution
		{0B29E662-6DAD-4E97-9550-016EE7C0503B}.Debug|Any CPU.ActiveCfg = Debug|Any CPU
		{0B29E662-6DAD-4E97-9550-016EE7C0503B}.Debug|Any CPU.Build.0 = Debug|Any CPU
		{0B29E662-6DAD-4E97-9550-016EE7C0503B}.Release|Any CPU.ActiveCfg = Release|Any CPU
		{0B29E662-6DAD-4E97-9550-016EE7C0503B}.Release|Any CPU.Build.0 = Release|Any CPU
		{0B89B028-EE3D-4CF6-8089-2BEBC4F530F4}.Debug|Any CPU.ActiveCfg = Debug|Any CPU
		{0B89B028-EE3D-4CF6-8089-2BEBC4F530F4}.Debug|Any CPU.Build.0 = Debug|Any CPU
		{0B89B028-EE3D-4CF6-8089-2BEBC4F530F4}.Release|Any CPU.ActiveCfg = Release|Any CPU
		{0B89B028-EE3D-4CF6-8089-2BEBC4F530F4}.Release|Any CPU.Build.0 = Release|Any CPU
	EndGlobalSection
	GlobalSection(SolutionProperties) = preSolution
		HideSolutionNode = FALSE
	EndGlobalSection
	GlobalSection(ExtensibilityGlobals) = postSolution
		SolutionGuid = {C6CBCD3C-0651-4939-831D-EE803D7303B5}
	EndGlobalSection
EndGlobal
